
Microsoft Visual Studio Solution File, Format Version 12.00
# Visual Studio Version 16
VisualStudioVersion = 25.0.1704.2
MinimumVisualStudioVersion = 10.0.40219.1
Project("{2150E333-8FDC-42A3-9474-1A3956D46DE8}") = "src", "src", "{E16ACFCB-D92F-4A39-B3AA-8FA972A5007F}"
EndProject
Project("{FAE04EC0-301F-11D3-BF4B-00C04F79EFBC}") = "AwesomeSocialMedia.Newsfeed.API", "src\AwesomeSocialMedia.Newsfeed.API\AwesomeSocialMedia.Newsfeed.API.csproj", "{515D9935-E9ED-46C6-BEA5-22040166E41C}"
EndProject
Global
	GlobalSection(SolutionConfigurationPlatforms) = preSolution
		Debug|Any CPU = Debug|Any CPU
		Release|Any CPU = Release|Any CPU
	EndGlobalSection
	GlobalSection(ProjectConfigurationPlatforms) = postSolution
		{515D9935-E9ED-46C6-BEA5-22040166E41C}.Debug|Any CPU.ActiveCfg = Debug|Any CPU
		{515D9935-E9ED-46C6-BEA5-22040166E41C}.Debug|Any CPU.Build.0 = Debug|Any CPU
		{515D9935-E9ED-46C6-BEA5-22040166E41C}.Release|Any CPU.ActiveCfg = Release|Any CPU
		{515D9935-E9ED-46C6-BEA5-22040166E41C}.Release|Any CPU.Build.0 = Release|Any CPU
	EndGlobalSection
	GlobalSection(SolutionProperties) = preSolution
		HideSolutionNode = FALSE
	EndGlobalSection
	GlobalSection(ExtensibilityGlobals) = postSolution
		SolutionGuid = {C0127AA2-564D-4DA1-BA5F-4A05F91AE256}
	EndGlobalSection
	GlobalSection(NestedProjects) = preSolution
		{515D9935-E9ED-46C6-BEA5-22040166E41C} = {E16ACFCB-D92F-4A39-B3AA-8FA972A5007F}
	EndGlobalSection
EndGlobal
